// !$*UTF8*$!
{
	archiveVersion = 1;
	classes = {
	};
	objectVersion = 46;
	objects = {

/* Begin PBXBuildFile section */
		26527EE11B701A9000312AC1 /* main.m in Sources */ = {isa = PBXBuildFile; fileRef = 26527EE01B701A9000312AC1 /* main.m */; };
		26527EE41B701A9000312AC1 /* AppDelegate.m in Sources */ = {isa = PBXBuildFile; fileRef = 26527EE31B701A9000312AC1 /* AppDelegate.m */; };
		26527EE71B701A9000312AC1 /* MasterViewController.m in Sources */ = {isa = PBXBuildFile; fileRef = 26527EE61B701A9000312AC1 /* MasterViewController.m */; };
		26527EEA1B701A9000312AC1 /* WebViewController.m in Sources */ = {isa = PBXBuildFile; fileRef = 26527EE91B701A9000312AC1 /* WebViewController.m */; };
		26527EED1B701A9000312AC1 /* Main.storyboard in Resources */ = {isa = PBXBuildFile; fileRef = 26527EEB1B701A9000312AC1 /* Main.storyboard */; };
		26527EEF1B701A9000312AC1 /* Images.xcassets in Resources */ = {isa = PBXBuildFile; fileRef = 26527EEE1B701A9000312AC1 /* Images.xcassets */; };
		26527EF21B701A9000312AC1 /* LaunchScreen.xib in Resources */ = {isa = PBXBuildFile; fileRef = 26527EF01B701A9000312AC1 /* LaunchScreen.xib */; };
		26527EFE1B701A9100312AC1 /* BlogReaderTests.m in Sources */ = {isa = PBXBuildFile; fileRef = 26527EFD1B701A9100312AC1 /* BlogReaderTests.m */; };
		26527F0C1B71A80700312AC1 /* BlogPost.m in Sources */ = {isa = PBXBuildFile; fileRef = 26527F0B1B71A80700312AC1 /* BlogPost.m */; };
		26527F0E1B728ABA00312AC1 /* icon29@2x.png in Resources */ = {isa = PBXBuildFile; fileRef = 26527F0D1B728ABA00312AC1 /* icon29@2x.png */; };
/* End PBXBuildFile section */

/* Begin PBXContainerItemProxy section */
		26527EF81B701A9100312AC1 /* PBXContainerItemProxy */ = {
			isa = PBXContainerItemProxy;
			containerPortal = 26527ED31B701A9000312AC1 /* Project object */;
			proxyType = 1;
			remoteGlobalIDString = 26527EDA1B701A9000312AC1;
			remoteInfo = BlogReader;
		};
/* End PBXContainerItemProxy section */

/* Begin PBXFileReference section */
		26527EDB1B701A9000312AC1 /* BlogReader.app */ = {isa = PBXFileReference; explicitFileType = wrapper.application; includeInIndex = 0; path = BlogReader.app; sourceTree = BUILT_PRODUCTS_DIR; };
		26527EDF1B701A9000312AC1 /* Info.plist */ = {isa = PBXFileReference; lastKnownFileType = text.plist.xml; path = Info.plist; sourceTree = "<group>"; };
		26527EE01B701A9000312AC1 /* main.m */ = {isa = PBXFileReference; lastKnownFileType = sourcecode.c.objc; path = main.m; sourceTree = "<group>"; };
		26527EE21B701A9000312AC1 /* AppDelegate.h */ = {isa = PBXFileReference; lastKnownFileType = sourcecode.c.h; path = AppDelegate.h; sourceTree = "<group>"; };
		26527EE31B701A9000312AC1 /* AppDelegate.m */ = {isa = PBXFileReference; lastKnownFileType = sourcecode.c.objc; path = AppDelegate.m; sourceTree = "<group>"; };
		26527EE51B701A9000312AC1 /* MasterViewController.h */ = {isa = PBXFileReference; lastKnownFileType = sourcecode.c.h; path = MasterViewController.h; sourceTree = "<group>"; };
		26527EE61B701A9000312AC1 /* MasterViewController.m */ = {isa = PBXFileReference; lastKnownFileType = sourcecode.c.objc; path = MasterViewController.m; sourceTree = "<group>"; };
		26527EE81B701A9000312AC1 /* WebViewController.h */ = {isa = PBXFileReference; lastKnownFileType = sourcecode.c.h; path = WebViewController.h; sourceTree = "<group>"; };
		26527EE91B701A9000312AC1 /* WebViewController.m */ = {isa = PBXFileReference; lastKnownFileType = sourcecode.c.objc; path = WebViewController.m; sourceTree = "<group>"; };
		26527EEC1B701A9000312AC1 /* Base */ = {isa = PBXFileReference; lastKnownFileType = file.storyboard; name = Base; path = Base.lproj/Main.storyboard; sourceTree = "<group>"; };
		26527EEE1B701A9000312AC1 /* Images.xcassets */ = {isa = PBXFileReference; lastKnownFileType = folder.assetcatalog; path = Images.xcassets; sourceTree = "<group>"; };
		26527EF11B701A9000312AC1 /* Base */ = {isa = PBXFileReference; lastKnownFileType = file.xib; name = Base; path = Base.lproj/LaunchScreen.xib; sourceTree = "<group>"; };
		26527EF71B701A9100312AC1 /* BlogReaderTests.xctest */ = {isa = PBXFileReference; explicitFileType = wrapper.cfbundle; includeInIndex = 0; path = BlogReaderTests.xctest; sourceTree = BUILT_PRODUCTS_DIR; };
		26527EFC1B701A9100312AC1 /* Info.plist */ = {isa = PBXFileReference; lastKnownFileType = text.plist.xml; path = Info.plist; sourceTree = "<group>"; };
		26527EFD1B701A9100312AC1 /* BlogReaderTests.m */ = {isa = PBXFileReference; lastKnownFileType = sourcecode.c.objc; path = BlogReaderTests.m; sourceTree = "<group>"; };
		26527F0A1B71A80700312AC1 /* BlogPost.h */ = {isa = PBXFileReference; fileEncoding = 4; lastKnownFileType = sourcecode.c.h; path = BlogPost.h; sourceTree = "<group>"; };
		26527F0B1B71A80700312AC1 /* BlogPost.m */ = {isa = PBXFileReference; fileEncoding = 4; lastKnownFileType = sourcecode.c.objc; path = BlogPost.m; sourceTree = "<group>"; };
		26527F0D1B728ABA00312AC1 /* icon29@2x.png */ = {isa = PBXFileReference; lastKnownFileType = image.png; path = "icon29@2x.png"; sourceTree = "<group>"; };
/* End PBXFileReference section */

/* Begin PBXFrameworksBuildPhase section */
		26527ED81B701A9000312AC1 /* Frameworks */ = {
			isa = PBXFrameworksBuildPhase;
			buildActionMask = 2147483647;
			files = (
			);
			runOnlyForDeploymentPostprocessing = 0;
		};
		26527EF41B701A9100312AC1 /* Frameworks */ = {
			isa = PBXFrameworksBuildPhase;
			buildActionMask = 2147483647;
			files = (
			);
			runOnlyForDeploymentPostprocessing = 0;
		};
/* End PBXFrameworksBuildPhase section */

/* Begin PBXGroup section */
		26527ED21B701A9000312AC1 = {
			isa = PBXGroup;
			children = (
				26527EDD1B701A9000312AC1 /* BlogReader */,
				26527EFA1B701A9100312AC1 /* BlogReaderTests */,
				26527EDC1B701A9000312AC1 /* Products */,
			);
			sourceTree = "<group>";
		};
		26527EDC1B701A9000312AC1 /* Products */ = {
			isa = PBXGroup;
			children = (
				26527EDB1B701A9000312AC1 /* BlogReader.app */,
				26527EF71B701A9100312AC1 /* BlogReaderTests.xctest */,
			);
			name = Products;
			sourceTree = "<group>";
		};
		26527EDD1B701A9000312AC1 /* BlogReader */ = {
			isa = PBXGroup;
			children = (
				26527EE21B701A9000312AC1 /* AppDelegate.h */,
				26527EE31B701A9000312AC1 /* AppDelegate.m */,
				26527EE51B701A9000312AC1 /* MasterViewController.h */,
				26527EE61B701A9000312AC1 /* MasterViewController.m */,
				26527F0A1B71A80700312AC1 /* BlogPost.h */,
				26527F0B1B71A80700312AC1 /* BlogPost.m */,
				26527EE81B701A9000312AC1 /* WebViewController.h */,
				26527EE91B701A9000312AC1 /* WebViewController.m */,
				26527EEB1B701A9000312AC1 /* Main.storyboard */,
				26527EEE1B701A9000312AC1 /* Images.xcassets */,
				26527EF01B701A9000312AC1 /* LaunchScreen.xib */,
				26527EDE1B701A9000312AC1 /* Supporting Files */,
			);
			path = BlogReader;
			sourceTree = "<group>";
		};
		26527EDE1B701A9000312AC1 /* Supporting Files */ = {
			isa = PBXGroup;
			children = (
				26527F0D1B728ABA00312AC1 /* icon29@2x.png */,
				26527EDF1B701A9000312AC1 /* Info.plist */,
				26527EE01B701A9000312AC1 /* main.m */,
			);
			name = "Supporting Files";
			sourceTree = "<group>";
		};
		26527EFA1B701A9100312AC1 /* BlogReaderTests */ = {
			isa = PBXGroup;
			children = (
				26527EFD1B701A9100312AC1 /* BlogReaderTests.m */,
				26527EFB1B701A9100312AC1 /* Supporting Files */,
			);
			path = BlogReaderTests;
			sourceTree = "<group>";
		};
		26527EFB1B701A9100312AC1 /* Supporting Files */ = {
			isa = PBXGroup;
			children = (
				26527EFC1B701A9100312AC1 /* Info.plist */,
			);
			name = "Supporting Files";
			sourceTree = "<group>";
		};
/* End PBXGroup section */

/* Begin PBXNativeTarget section */
		26527EDA1B701A9000312AC1 /* BlogReader */ = {
			isa = PBXNativeTarget;
			buildConfigurationList = 26527F011B701A9100312AC1 /* Build configuration list for PBXNativeTarget "BlogReader" */;
			buildPhases = (
				26527ED71B701A9000312AC1 /* Sources */,
				26527ED81B701A9000312AC1 /* Frameworks */,
				26527ED91B701A9000312AC1 /* Resources */,
			);
			buildRules = (
			);
			dependencies = (
			);
			name = BlogReader;
			productName = BlogReader;
			productReference = 26527EDB1B701A9000312AC1 /* BlogReader.app */;
			productType = "com.apple.product-type.application";
		};
		26527EF61B701A9100312AC1 /* BlogReaderTests */ = {
			isa = PBXNativeTarget;
			buildConfigurationList = 26527F041B701A9100312AC1 /* Build configuration list for PBXNativeTarget "BlogReaderTests" */;
			buildPhases = (
				26527EF31B701A9100312AC1 /* Sources */,
				26527EF41B701A9100312AC1 /* Frameworks */,
				26527EF51B701A9100312AC1 /* Resources */,
			);
			buildRules = (
			);
			dependencies = (
				26527EF91B701A9100312AC1 /* PBXTargetDependency */,
			);
			name = BlogReaderTests;
			productName = BlogReaderTests;
			productReference = 26527EF71B701A9100312AC1 /* BlogReaderTests.xctest */;
			productType = "com.apple.product-type.bundle.unit-test";
		};
/* End PBXNativeTarget section */

/* Begin PBXProject section */
		26527ED31B701A9000312AC1 /* Project object */ = {
			isa = PBXProject;
			attributes = {
				LastUpgradeCheck = 0640;
				ORGANIZATIONNAME = TeamTreeHouse;
				TargetAttributes = {
					26527EDA1B701A9000312AC1 = {
						CreatedOnToolsVersion = 6.4;
					};
					26527EF61B701A9100312AC1 = {
						CreatedOnToolsVersion = 6.4;
						TestTargetID = 26527EDA1B701A9000312AC1;
					};
				};
			};
			buildConfigurationList = 26527ED61B701A9000312AC1 /* Build configuration list for PBXProject "BlogReader" */;
			compatibilityVersion = "Xcode 3.2";
			developmentRegion = English;
			hasScannedForEncodings = 0;
			knownRegions = (
				en,
				Base,
			);
			mainGroup = 26527ED21B701A9000312AC1;
			productRefGroup = 26527EDC1B701A9000312AC1 /* Products */;
			projectDirPath = "";
			projectRoot = "";
			targets = (
				26527EDA1B701A9000312AC1 /* BlogReader */,
				26527EF61B701A9100312AC1 /* BlogReaderTests */,
			);
		};
/* End PBXProject section */

/* Begin PBXResourcesBuildPhase section */
		26527ED91B701A9000312AC1 /* Resources */ = {
			isa = PBXResourcesBuildPhase;
			buildActionMask = 2147483647;
			files = (
				26527EED1B701A9000312AC1 /* Main.storyboard in Resources */,
				26527EF21B701A9000312AC1 /* LaunchScreen.xib in Resources */,
				26527F0E1B728ABA00312AC1 /* icon29@2x.png in Resources */,
				26527EEF1B701A9000312AC1 /* Images.xcassets in Resources */,
			);
			runOnlyForDeploymentPostprocessing = 0;
		};
		26527EF51B701A9100312AC1 /* Resources */ = {
			isa = PBXResourcesBuildPhase;
			buildActionMask = 2147483647;
			files = (
			);
			runOnlyForDeploymentPostprocessing = 0;
		};
/* End PBXResourcesBuildPhase section */

/* Begin PBXSourcesBuildPhase section */
		26527ED71B701A9000312AC1 /* Sources */ = {
			isa = PBXSourcesBuildPhase;
			buildActionMask = 2147483647;
			files = (
				26527EE41B701A9000312AC1 /* AppDelegate.m in Sources */,
				26527EE71B701A9000312AC1 /* MasterViewController.m in Sources */,
				26527F0C1B71A80700312AC1 /* BlogPost.m in Sources */,
				26527EE11B701A9000312AC1 /* main.m in Sources */,
				26527EEA1B701A9000312AC1 /* WebViewController.m in Sources */,
			);
			runOnlyForDeploymentPostprocessing = 0;
		};
		26527EF31B701A9100312AC1 /* Sources */ = {
			isa = PBXSourcesBuildPhase;
			buildActionMask = 2147483647;
			files = (
				26527EFE1B701A9100312AC1 /* BlogReaderTests.m in Sources */,
			);
			runOnlyForDeploymentPostprocessing = 0;
		};
/* End PBXSourcesBuildPhase section */

/* Begin PBXTargetDependency section */
		26527EF91B701A9100312AC1 /* PBXTargetDependency */ = {
			isa = PBXTargetDependency;
			target = 26527EDA1B701A9000312AC1 /* BlogReader */;
			targetProxy = 26527EF81B701A9100312AC1 /* PBXContainerItemProxy */;
		};
/* End PBXTargetDependency section */

/* Begin PBXVariantGroup section */
		26527EEB1B701A9000312AC1 /* Main.storyboard */ = {
			isa = PBXVariantGroup;
			children = (
				26527EEC1B701A9000312AC1 /* Base */,
			);
			name = Main.storyboard;
			sourceTree = "<group>";
		};
		26527EF01B701A9000312AC1 /* LaunchScreen.xib */ = {
			isa = PBXVariantGroup;
			children = (
				26527EF11B701A9000312AC1 /* Base */,
			);
			name = LaunchScreen.xib;
			sourceTree = "<group>";
		};
/* End PBXVariantGroup section */

/* Begin XCBuildConfiguration section */
		26527EFF1B701A9100312AC1 /* Debug */ = {
			isa = XCBuildConfiguration;
			buildSettings = {
				ALWAYS_SEARCH_USER_PATHS = NO;
				CLANG_CXX_LANGUAGE_STANDARD = "gnu++0x";
				CLANG_CXX_LIBRARY = "libc++";
				CLANG_ENABLE_MODULES = YES;
				CLANG_ENABLE_OBJC_ARC = YES;
				CLANG_WARN_BOOL_CONVERSION = YES;
				CLANG_WARN_CONSTANT_CONVERSION = YES;
				CLANG_WARN_DIRECT_OBJC_ISA_USAGE = YES_ERROR;
				CLANG_WARN_EMPTY_BODY = YES;
				CLANG_WARN_ENUM_CONVERSION = YES;
				CLANG_WARN_INT_CONVERSION = YES;
				CLANG_WARN_OBJC_ROOT_CLASS = YES_ERROR;
				CLANG_WARN_UNREACHABLE_CODE = YES;
				CLANG_WARN__DUPLICATE_METHOD_MATCH = YES;
				"CODE_SIGN_IDENTITY[sdk=iphoneos*]" = "iPhone Developer";
				COPY_PHASE_STRIP = NO;
				DEBUG_INFORMATION_FORMAT = "dwarf-with-dsym";
				ENABLE_STRICT_OBJC_MSGSEND = YES;
				GCC_C_LANGUAGE_STANDARD = gnu99;
				GCC_DYNAMIC_NO_PIC = NO;
				GCC_NO_COMMON_BLOCKS = YES;
				GCC_OPTIMIZATION_LEVEL = 0;
				GCC_PREPROCESSOR_DEFINITIONS = (
					"DEBUG=1",
					"$(inherited)",
				);
				GCC_SYMBOLS_PRIVATE_EXTERN = NO;
				GCC_WARN_64_TO_32_BIT_CONVERSION = YES;
				GCC_WARN_ABOUT_RETURN_TYPE = YES_ERROR;
				GCC_WARN_UNDECLARED_SELECTOR = YES;
				GCC_WARN_UNINITIALIZED_AUTOS = YES_AGGRESSIVE;
				GCC_WARN_UNUSED_FUNCTION = YES;
				GCC_WARN_UNUSED_VARIABLE = YES;
				IPHONEOS_DEPLOYMENT_TARGET = 8.4;
				MTL_ENABLE_DEBUG_INFO = YES;
				ONLY_ACTIVE_ARCH = YES;
				SDKROOT = iphoneos;
			};
			name = Debug;
		};
		26527F001B701A9100312AC1 /* Release */ = {
			isa = XCBuildConfiguration;
			buildSettings = {
				ALWAYS_SEARCH_USER_PATHS = NO;
				CLANG_CXX_LANGUAGE_STANDARD = "gnu++0x";
				CLANG_CXX_LIBRARY = "libc++";
				CLANG_ENABLE_MODULES = YES;
				CLANG_ENABLE_OBJC_ARC = YES;
				CLANG_WARN_BOOL_CONVERSION = YES;
				CLANG_WARN_CONSTANT_CONVERSION = YES;
				CLANG_WARN_DIRECT_OBJC_ISA_USAGE = YES_ERROR;
				CLANG_WARN_EMPTY_BODY = YES;
				CLANG_WARN_ENUM_CONVERSION = YES;
				CLANG_WARN_INT_CONVERSION = YES;
				CLANG_WARN_OBJC_ROOT_CLASS = YES_ERROR;
				CLANG_WARN_UNREACHABLE_CODE = YES;
				CLANG_WARN__DUPLICATE_METHOD_MATCH = YES;
				"CODE_SIGN_IDENTITY[sdk=iphoneos*]" = "iPhone Developer";
				COPY_PHASE_STRIP = NO;
				DEBUG_INFORMATION_FORMAT = "dwarf-with-dsym";
				ENABLE_NS_ASSERTIONS = NO;
				ENABLE_STRICT_OBJC_MSGSEND = YES;
				GCC_C_LANGUAGE_STANDARD = gnu99;
				GCC_NO_COMMON_BLOCKS = YES;
				GCC_WARN_64_TO_32_BIT_CONVERSION = YES;
				GCC_WARN_ABOUT_RETURN_TYPE = YES_ERROR;
				GCC_WARN_UNDECLARED_SELECTOR = YES;
				GCC_WARN_UNINITIALIZED_AUTOS = YES_AGGRESSIVE;
				GCC_WARN_UNUSED_FUNCTION = YES;
				GCC_WARN_UNUSED_VARIABLE = YES;
				IPHONEOS_DEPLOYMENT_TARGET = 8.4;
				MTL_ENABLE_DEBUG_INFO = NO;
				SDKROOT = iphoneos;
				VALIDATE_PRODUCT = YES;
			};
			name = Release;
		};
		26527F021B701A9100312AC1 /* Debug */ = {
			isa = XCBuildConfiguration;
			buildSettings = {
				ASSETCATALOG_COMPILER_APPICON_NAME = AppIcon;
				INFOPLIST_FILE = BlogReader/Info.plist;
				LD_RUNPATH_SEARCH_PATHS = "$(inherited) @executable_path/Frameworks";
				PRODUCT_NAME = "$(TARGET_NAME)";
			};
			name = Debug;
		};
		26527F031B701A9100312AC1 /* Release */ = {
			isa = XCBuildConfiguration;
			buildSettings = {
				ASSETCATALOG_COMPILER_APPICON_NAME = AppIcon;
				INFOPLIST_FILE = BlogReader/Info.plist;
				LD_RUNPATH_SEARCH_PATHS = "$(inherited) @executable_path/Frameworks";
				PRODUCT_NAME = "$(TARGET_NAME)";
			};
			name = Release;
		};
		26527F051B701A9100312AC1 /* Debug */ = {
			isa = XCBuildConfiguration;
			buildSettings = {
				BUNDLE_LOADER = "$(TEST_HOST)";
				FRAMEWORK_SEARCH_PATHS = (
					"$(SDKROOT)/Developer/Library/Frameworks",
					"$(inherited)",
				);
				GCC_PREPROCESSOR_DEFINITIONS = (
					"DEBUG=1",
					"$(inherited)",
				);
				INFOPLIST_FILE = BlogReaderTests/Info.plist;
				LD_RUNPATH_SEARCH_PATHS = "$(inherited) @executable_path/Frameworks @loader_path/Frameworks";
				PRODUCT_NAME = "$(TARGET_NAME)";
				TEST_HOST = "$(BUILT_PRODUCTS_DIR)/BlogReader.app/BlogReader";
			};
			name = Debug;
		};
		26527F061B701A9100312AC1 /* Release */ = {
			isa = XCBuildConfiguration;
			buildSettings = {
				BUNDLE_LOADER = "$(TEST_HOST)";
				FRAMEWORK_SEARCH_PATHS = (
					"$(SDKROOT)/Developer/Library/Frameworks",
					"$(inherited)",
				);
				INFOPLIST_FILE = BlogReaderTests/Info.plist;
				LD_RUNPATH_SEARCH_PATHS = "$(inherited) @executable_path/Frameworks @loader_path/Frameworks";
				PRODUCT_NAME = "$(TARGET_NAME)";
				TEST_HOST = "$(BUILT_PRODUCTS_DIR)/BlogReader.app/BlogReader";
			};
			name = Release;
		};
/* End XCBuildConfiguration section */

/* Begin XCConfigurationList section */
		26527ED61B701A9000312AC1 /* Build configuration list for PBXProject "BlogReader" */ = {
			isa = XCConfigurationList;
			buildConfigurations = (
				26527EFF1B701A9100312AC1 /* Debug */,
				26527F001B701A9100312AC1 /* Release */,
			);
			defaultConfigurationIsVisible = 0;
			defaultConfigurationName = Release;
		};
		26527F011B701A9100312AC1 /* Build configuration list for PBXNativeTarget "BlogReader" */ = {
			isa = XCConfigurationList;
			buildConfigurations = (
				26527F021B701A9100312AC1 /* Debug */,
				26527F031B701A9100312AC1 /* Release */,
			);
			defaultConfigurationIsVisible = 0;
		};
		26527F041B701A9100312AC1 /* Build configuration list for PBXNativeTarget "BlogReaderTests" */ = {
			isa = XCConfigurationList;
			buildConfigurations = (
				26527F051B701A9100312AC1 /* Debug */,
				26527F061B701A9100312AC1 /* Release */,
			);
			defaultConfigurationIsVisible = 0;
		};
/* End XCConfigurationList section */
	};
	rootObject = 26527ED31B701A9000312AC1 /* Project object */;
}
